
Microsoft Visual Studio Solution File, Format Version 12.00
# Visual Studio Version 16
VisualStudioVersion = 16.0.29920.165
MinimumVisualStudioVersion = 10.0.40219.1
Project("{9A19103F-16F7-4668-BE54-9A1E7A4F7556}") = "SDK", "SDK\SDK.csproj", "{C3AE7AB0-BDBF-444E-B49C-D83E86522B66}"
EndProject
Project("{9A19103F-16F7-4668-BE54-9A1E7A4F7556}") = "SDK.DataAccess.MySQL", "SDK.DataAccess.MySQL\SDK.DataAccess.MySQL.csproj", "{C6F5C93D-D00C-4763-9EFA-FD44054D75AF}"
EndProject
Project("{9A19103F-16F7-4668-BE54-9A1E7A4F7556}") = "SDK.DataAccess.Oracle", "SDK.DataAccess.Oracle\SDK.DataAccess.Oracle.csproj", "{2E98680C-520B-4838-AD8C-417E3A1EC6B9}"
EndProject
Project("{9A19103F-16F7-4668-BE54-9A1E7A4F7556}") = "SDK.DataAccess.PostgreSQL", "SDK.DataAccess.PostgreSQL\SDK.DataAccess.PostgreSQL.csproj", "{E415F0CA-6215-4A7A-BE34-19DFF16FFFF6}"
EndProject
Project("{9A19103F-16F7-4668-BE54-9A1E7A4F7556}") = "SDK.DataAccess.SQLServer", "SDK.DataAccess.SQLServer\SDK.DataAccess.SQLServer.csproj", "{FC7CAF61-4758-481D-97EC-D4AA12695DDA}"
EndProject
Project("{9A19103F-16F7-4668-BE54-9A1E7A4F7556}") = "SDK.Libraries", "SDK.Libraries\SDK.Libraries.csproj", "{D108A291-6564-4D35-AFCA-2AF02CB69121}"
EndProject
Project("{9A19103F-16F7-4668-BE54-9A1E7A4F7556}") = "SDK.WebAPI", "SDK.WebAPI\SDK.WebAPI.csproj", "{42B3B348-3513-4B1E-A032-1955D220E2E9}"
EndProject
Project("{9A19103F-16F7-4668-BE54-9A1E7A4F7556}") = "SDK.MailServices", "SDK.MailServices\SDK.MailServices.csproj", "{9EA93C4E-DD83-4F20-A395-C75CE5E208A3}"
EndProject
Project("{9A19103F-16F7-4668-BE54-9A1E7A4F7556}") = "SDK.CloudStorage.AWS", "SDK.CloudStorage.AWS\SDK.CloudStorage.AWS.csproj", "{ECAC97CC-25DE-4522-BCC4-99A389FA109A}"
EndProject
Project("{9A19103F-16F7-4668-BE54-9A1E7A4F7556}") = "SDK.CloudStorage.Azure", "SDK.CloudStorage.Azure\SDK.CloudStorage.Azure.csproj", "{7CF02435-2C98-4D09-9E81-0DE66DE9B3CA}"
EndProject
Project("{2150E333-8FDC-42A3-9474-1A3956D46DE8}") = "_Base", "_Base", "{2D7308B7-8E40-4D13-BDD9-53C30FD6FBE6}"
EndProject
Project("{2150E333-8FDC-42A3-9474-1A3956D46DE8}") = "DataAccess", "DataAccess", "{12245D58-7BC0-4239-811B-ED238E2BD672}"
EndProject
Project("{2150E333-8FDC-42A3-9474-1A3956D46DE8}") = "CloudStorage", "CloudStorage", "{0F257456-C07E-4B28-8DAB-284BC3E76FE8}"
EndProject
Project("{2150E333-8FDC-42A3-9474-1A3956D46DE8}") = "Extras", "Extras", "{6165819C-25FE-40C8-8C49-B6AB923DBF8D}"
EndProject
Project("{9A19103F-16F7-4668-BE54-9A1E7A4F7556}") = "SDK.NetReflector", "SDK.NetReflector\SDK.NetReflector.csproj", "{E9BD4B1B-0581-4AA1-B978-C29586511D2B}"
EndProject
Project("{2150E333-8FDC-42A3-9474-1A3956D46DE8}") = "Development", "Development", "{38931D9B-F6DD-4CE9-93E7-160A1491971D}"
EndProject
Project("{2150E333-8FDC-42A3-9474-1A3956D46DE8}") = "Fluents", "Fluents", "{57CE63F5-1E04-4B21-AC48-BA9029C0F8B0}"
EndProject
Project("{FAE04EC0-301F-11D3-BF4B-00C04F79EFBC}") = "SDK.Core.Fluent", "SDK.Core.Fluent\SDK.Core.Fluent.csproj", "{3077C710-8E8E-4C08-865D-50E79DFD5163}"
EndProject
Project("{FAE04EC0-301F-11D3-BF4B-00C04F79EFBC}") = "SDK.Billing.Fluent", "SDK.Billing.Fluent\SDK.Billing.Fluent.csproj", "{73C21266-0E2C-44A0-BC3D-74D8178EFE5A}"
EndProject
Project("{FAE04EC0-301F-11D3-BF4B-00C04F79EFBC}") = "SDK.Sale.Fluent", "SDK.Sale.Fluent\SDK.Sale.Fluent.csproj", "{BF486A5A-02F4-4C14-900D-76EC32B604E6}"
EndProject
Project("{FAE04EC0-301F-11D3-BF4B-00C04F79EFBC}") = "SDK.ContactCenter.Fluent", "SDK.ContactCenter.Fluent\SDK.ContactCenter.Fluent.csproj", "{B9218049-F0D4-4CAD-BDA5-EA3EF1B394C1}"
EndProject
Project("{FAE04EC0-301F-11D3-BF4B-00C04F79EFBC}") = "SDK.Geo.Fluent", "SDK.Geo.Fluent\SDK.Geo.Fluent.csproj", "{627BEB6D-0B77-4463-84F9-F1754D8637D9}"
EndProject
Project("{FAE04EC0-301F-11D3-BF4B-00C04F79EFBC}") = "SDK.Lottery.Fluent", "SDK.Lottery.Fluent\SDK.Lottery.Fluent.csproj", "{F0029C95-6F5E-4CAD-80ED-D0DF8465DA24}"
EndProject
Project("{FAE04EC0-301F-11D3-BF4B-00C04F79EFBC}") = "SDK.ExtData.Fluent", "SDK.ExtData.Fluent\SDK.ExtData.Fluent.csproj", "{3E2DDD51-E0B6-415E-9148-D27B9F01865D}"
EndProject
Project("{FAE04EC0-301F-11D3-BF4B-00C04F79EFBC}") = "SDK.Fiscal.Fluent", "SDK.Fiscal.Fluent\SDK.Fiscal.Fluent.csproj", "{3F540CC2-EDEE-42A2-8CE6-53169D7899BA}"
EndProject
Global
	GlobalSection(SolutionConfigurationPlatforms) = preSolution
		Debug|Any CPU = Debug|Any CPU
		Release|Any CPU = Release|Any CPU
	EndGlobalSection
	GlobalSection(ProjectConfigurationPlatforms) = postSolution
		{C3AE7AB0-BDBF-444E-B49C-D83E86522B66}.Debug|Any CPU.ActiveCfg = Debug|Any CPU
		{C3AE7AB0-BDBF-444E-B49C-D83E86522B66}.Debug|Any CPU.Build.0 = Debug|Any CPU
		{C3AE7AB0-BDBF-444E-B49C-D83E86522B66}.Release|Any CPU.ActiveCfg = Release|Any CPU
		{C3AE7AB0-BDBF-444E-B49C-D83E86522B66}.Release|Any CPU.Build.0 = Release|Any CPU
		{C6F5C93D-D00C-4763-9EFA-FD44054D75AF}.Debug|Any CPU.ActiveCfg = Debug|Any CPU
		{C6F5C93D-D00C-4763-9EFA-FD44054D75AF}.Debug|Any CPU.Build.0 = Debug|Any CPU
		{C6F5C93D-D00C-4763-9EFA-FD44054D75AF}.Release|Any CPU.ActiveCfg = Release|Any CPU
		{C6F5C93D-D00C-4763-9EFA-FD44054D75AF}.Release|Any CPU.Build.0 = Release|Any CPU
		{2E98680C-520B-4838-AD8C-417E3A1EC6B9}.Debug|Any CPU.ActiveCfg = Debug|Any CPU
		{2E98680C-520B-4838-AD8C-417E3A1EC6B9}.Debug|Any CPU.Build.0 = Debug|Any CPU
		{2E98680C-520B-4838-AD8C-417E3A1EC6B9}.Release|Any CPU.ActiveCfg = Release|Any CPU
		{2E98680C-520B-4838-AD8C-417E3A1EC6B9}.Release|Any CPU.Build.0 = Release|Any CPU
		{E415F0CA-6215-4A7A-BE34-19DFF16FFFF6}.Debug|Any CPU.ActiveCfg = Debug|Any CPU
		{E415F0CA-6215-4A7A-BE34-19DFF16FFFF6}.Debug|Any CPU.Build.0 = Debug|Any CPU
		{E415F0CA-6215-4A7A-BE34-19DFF16FFFF6}.Release|Any CPU.ActiveCfg = Release|Any CPU
		{E415F0CA-6215-4A7A-BE34-19DFF16FFFF6}.Release|Any CPU.Build.0 = Release|Any CPU
		{FC7CAF61-4758-481D-97EC-D4AA12695DDA}.Debug|Any CPU.ActiveCfg = Debug|Any CPU
		{FC7CAF61-4758-481D-97EC-D4AA12695DDA}.Debug|Any CPU.Build.0 = Debug|Any CPU
		{FC7CAF61-4758-481D-97EC-D4AA12695DDA}.Release|Any CPU.ActiveCfg = Release|Any CPU
		{FC7CAF61-4758-481D-97EC-D4AA12695DDA}.Release|Any CPU.Build.0 = Release|Any CPU
		{D108A291-6564-4D35-AFCA-2AF02CB69121}.Debug|Any CPU.ActiveCfg = Debug|Any CPU
		{D108A291-6564-4D35-AFCA-2AF02CB69121}.Debug|Any CPU.Build.0 = Debug|Any CPU
		{D108A291-6564-4D35-AFCA-2AF02CB69121}.Release|Any CPU.ActiveCfg = Release|Any CPU
		{D108A291-6564-4D35-AFCA-2AF02CB69121}.Release|Any CPU.Build.0 = Release|Any CPU
		{42B3B348-3513-4B1E-A032-1955D220E2E9}.Debug|Any CPU.ActiveCfg = Debug|Any CPU
		{42B3B348-3513-4B1E-A032-1955D220E2E9}.Debug|Any CPU.Build.0 = Debug|Any CPU
		{42B3B348-3513-4B1E-A032-1955D220E2E9}.Release|Any CPU.ActiveCfg = Release|Any CPU
		{42B3B348-3513-4B1E-A032-1955D220E2E9}.Release|Any CPU.Build.0 = Release|Any CPU
		{9EA93C4E-DD83-4F20-A395-C75CE5E208A3}.Debug|Any CPU.ActiveCfg = Debug|Any CPU
		{9EA93C4E-DD83-4F20-A395-C75CE5E208A3}.Debug|Any CPU.Build.0 = Debug|Any CPU
		{9EA93C4E-DD83-4F20-A395-C75CE5E208A3}.Release|Any CPU.ActiveCfg = Release|Any CPU
		{9EA93C4E-DD83-4F20-A395-C75CE5E208A3}.Release|Any CPU.Build.0 = Release|Any CPU
		{ECAC97CC-25DE-4522-BCC4-99A389FA109A}.Debug|Any CPU.ActiveCfg = Debug|Any CPU
		{ECAC97CC-25DE-4522-BCC4-99A389FA109A}.Debug|Any CPU.Build.0 = Debug|Any CPU
		{ECAC97CC-25DE-4522-BCC4-99A389FA109A}.Release|Any CPU.ActiveCfg = Release|Any CPU
		{ECAC97CC-25DE-4522-BCC4-99A389FA109A}.Release|Any CPU.Build.0 = Release|Any CPU
		{7CF02435-2C98-4D09-9E81-0DE66DE9B3CA}.Debug|Any CPU.ActiveCfg = Debug|Any CPU
		{7CF02435-2C98-4D09-9E81-0DE66DE9B3CA}.Debug|Any CPU.Build.0 = Debug|Any CPU
		{7CF02435-2C98-4D09-9E81-0DE66DE9B3CA}.Release|Any CPU.ActiveCfg = Release|Any CPU
		{7CF02435-2C98-4D09-9E81-0DE66DE9B3CA}.Release|Any CPU.Build.0 = Release|Any CPU
		{E9BD4B1B-0581-4AA1-B978-C29586511D2B}.Debug|Any CPU.ActiveCfg = Debug|Any CPU
		{E9BD4B1B-0581-4AA1-B978-C29586511D2B}.Debug|Any CPU.Build.0 = Debug|Any CPU
		{E9BD4B1B-0581-4AA1-B978-C29586511D2B}.Release|Any CPU.ActiveCfg = Release|Any CPU
		{E9BD4B1B-0581-4AA1-B978-C29586511D2B}.Release|Any CPU.Build.0 = Release|Any CPU
		{3077C710-8E8E-4C08-865D-50E79DFD5163}.Debug|Any CPU.ActiveCfg = Debug|Any CPU
		{3077C710-8E8E-4C08-865D-50E79DFD5163}.Debug|Any CPU.Build.0 = Debug|Any CPU
		{3077C710-8E8E-4C08-865D-50E79DFD5163}.Release|Any CPU.ActiveCfg = Release|Any CPU
		{3077C710-8E8E-4C08-865D-50E79DFD5163}.Release|Any CPU.Build.0 = Release|Any CPU
		{73C21266-0E2C-44A0-BC3D-74D8178EFE5A}.Debug|Any CPU.ActiveCfg = Debug|Any CPU
		{73C21266-0E2C-44A0-BC3D-74D8178EFE5A}.Debug|Any CPU.Build.0 = Debug|Any CPU
		{73C21266-0E2C-44A0-BC3D-74D8178EFE5A}.Release|Any CPU.ActiveCfg = Release|Any CPU
		{73C21266-0E2C-44A0-BC3D-74D8178EFE5A}.Release|Any CPU.Build.0 = Release|Any CPU
		{BF486A5A-02F4-4C14-900D-76EC32B604E6}.Debug|Any CPU.ActiveCfg = Debug|Any CPU
		{BF486A5A-02F4-4C14-900D-76EC32B604E6}.Debug|Any CPU.Build.0 = Debug|Any CPU
		{BF486A5A-02F4-4C14-900D-76EC32B604E6}.Release|Any CPU.ActiveCfg = Release|Any CPU
		{BF486A5A-02F4-4C14-900D-76EC32B604E6}.Release|Any CPU.Build.0 = Release|Any CPU
		{B9218049-F0D4-4CAD-BDA5-EA3EF1B394C1}.Debug|Any CPU.ActiveCfg = Debug|Any CPU
		{B9218049-F0D4-4CAD-BDA5-EA3EF1B394C1}.Debug|Any CPU.Build.0 = Debug|Any CPU
		{B9218049-F0D4-4CAD-BDA5-EA3EF1B394C1}.Release|Any CPU.ActiveCfg = Release|Any CPU
		{B9218049-F0D4-4CAD-BDA5-EA3EF1B394C1}.Release|Any CPU.Build.0 = Release|Any CPU
		{627BEB6D-0B77-4463-84F9-F1754D8637D9}.Debug|Any CPU.ActiveCfg = Debug|Any CPU
		{627BEB6D-0B77-4463-84F9-F1754D8637D9}.Debug|Any CPU.Build.0 = Debug|Any CPU
		{627BEB6D-0B77-4463-84F9-F1754D8637D9}.Release|Any CPU.ActiveCfg = Release|Any CPU
		{627BEB6D-0B77-4463-84F9-F1754D8637D9}.Release|Any CPU.Build.0 = Release|Any CPU
		{F0029C95-6F5E-4CAD-80ED-D0DF8465DA24}.Debug|Any CPU.ActiveCfg = Debug|Any CPU
		{F0029C95-6F5E-4CAD-80ED-D0DF8465DA24}.Debug|Any CPU.Build.0 = Debug|Any CPU
		{F0029C95-6F5E-4CAD-80ED-D0DF8465DA24}.Release|Any CPU.ActiveCfg = Release|Any CPU
		{F0029C95-6F5E-4CAD-80ED-D0DF8465DA24}.Release|Any CPU.Build.0 = Release|Any CPU
		{3E2DDD51-E0B6-415E-9148-D27B9F01865D}.Debug|Any CPU.ActiveCfg = Debug|Any CPU
		{3E2DDD51-E0B6-415E-9148-D27B9F01865D}.Debug|Any CPU.Build.0 = Debug|Any CPU
		{3E2DDD51-E0B6-415E-9148-D27B9F01865D}.Release|Any CPU.ActiveCfg = Release|Any CPU
		{3E2DDD51-E0B6-415E-9148-D27B9F01865D}.Release|Any CPU.Build.0 = Release|Any CPU
		{3F540CC2-EDEE-42A2-8CE6-53169D7899BA}.Debug|Any CPU.ActiveCfg = Debug|Any CPU
		{3F540CC2-EDEE-42A2-8CE6-53169D7899BA}.Debug|Any CPU.Build.0 = Debug|Any CPU
		{3F540CC2-EDEE-42A2-8CE6-53169D7899BA}.Release|Any CPU.ActiveCfg = Release|Any CPU
		{3F540CC2-EDEE-42A2-8CE6-53169D7899BA}.Release|Any CPU.Build.0 = Release|Any CPU
	EndGlobalSection
	GlobalSection(SolutionProperties) = preSolution
		HideSolutionNode = FALSE
	EndGlobalSection
	GlobalSection(NestedProjects) = preSolution
		{C3AE7AB0-BDBF-444E-B49C-D83E86522B66} = {2D7308B7-8E40-4D13-BDD9-53C30FD6FBE6}
		{C6F5C93D-D00C-4763-9EFA-FD44054D75AF} = {12245D58-7BC0-4239-811B-ED238E2BD672}
		{2E98680C-520B-4838-AD8C-417E3A1EC6B9} = {12245D58-7BC0-4239-811B-ED238E2BD672}
		{E415F0CA-6215-4A7A-BE34-19DFF16FFFF6} = {12245D58-7BC0-4239-811B-ED238E2BD672}
		{FC7CAF61-4758-481D-97EC-D4AA12695DDA} = {12245D58-7BC0-4239-811B-ED238E2BD672}
		{D108A291-6564-4D35-AFCA-2AF02CB69121} = {38931D9B-F6DD-4CE9-93E7-160A1491971D}
		{42B3B348-3513-4B1E-A032-1955D220E2E9} = {38931D9B-F6DD-4CE9-93E7-160A1491971D}
		{9EA93C4E-DD83-4F20-A395-C75CE5E208A3} = {6165819C-25FE-40C8-8C49-B6AB923DBF8D}
		{ECAC97CC-25DE-4522-BCC4-99A389FA109A} = {0F257456-C07E-4B28-8DAB-284BC3E76FE8}
		{7CF02435-2C98-4D09-9E81-0DE66DE9B3CA} = {0F257456-C07E-4B28-8DAB-284BC3E76FE8}
		{E9BD4B1B-0581-4AA1-B978-C29586511D2B} = {6165819C-25FE-40C8-8C49-B6AB923DBF8D}
		{3077C710-8E8E-4C08-865D-50E79DFD5163} = {57CE63F5-1E04-4B21-AC48-BA9029C0F8B0}
		{73C21266-0E2C-44A0-BC3D-74D8178EFE5A} = {57CE63F5-1E04-4B21-AC48-BA9029C0F8B0}
		{BF486A5A-02F4-4C14-900D-76EC32B604E6} = {57CE63F5-1E04-4B21-AC48-BA9029C0F8B0}
		{B9218049-F0D4-4CAD-BDA5-EA3EF1B394C1} = {57CE63F5-1E04-4B21-AC48-BA9029C0F8B0}
		{627BEB6D-0B77-4463-84F9-F1754D8637D9} = {57CE63F5-1E04-4B21-AC48-BA9029C0F8B0}
		{F0029C95-6F5E-4CAD-80ED-D0DF8465DA24} = {57CE63F5-1E04-4B21-AC48-BA9029C0F8B0}
		{3E2DDD51-E0B6-415E-9148-D27B9F01865D} = {57CE63F5-1E04-4B21-AC48-BA9029C0F8B0}
		{3F540CC2-EDEE-42A2-8CE6-53169D7899BA} = {57CE63F5-1E04-4B21-AC48-BA9029C0F8B0}
	EndGlobalSection
	GlobalSection(ExtensibilityGlobals) = postSolution
		SolutionGuid = {D8040699-D4DC-4457-A8D7-E2C21C9C8D2C}
	EndGlobalSection
EndGlobal
